
Microsoft Visual Studio Solution File, Format Version 12.00
# Visual Studio Version 16
VisualStudioVersion = 16.0.32228.343
MinimumVisualStudioVersion = 10.0.40219.1
Project("{FAE04EC0-301F-11D3-BF4B-00C04F79EFBC}") = "ShopProject2.0", "ShopProject2.0\ShopProject2.0.csproj", "{BD7981EB-A7F1-46F7-807D-07F423B00E49}"
EndProject
Global
	GlobalSection(SolutionConfigurationPlatforms) = preSolution
		Debug|Any CPU = Debug|Any CPU
		Release|Any CPU = Release|Any CPU
	EndGlobalSection
	GlobalSection(ProjectConfigurationPlatforms) = postSolution
		{BD7981EB-A7F1-46F7-807D-07F423B00E49}.Debug|Any CPU.ActiveCfg = Debug|Any CPU
		{BD7981EB-A7F1-46F7-807D-07F423B00E49}.Debug|Any CPU.Build.0 = Debug|Any CPU
		{BD7981EB-A7F1-46F7-807D-07F423B00E49}.Release|Any CPU.ActiveCfg = Release|Any CPU
		{BD7981EB-A7F1-46F7-807D-07F423B00E49}.Release|Any CPU.Build.0 = Release|Any CPU
	EndGlobalSection
	GlobalSection(SolutionProperties) = preSolution
		HideSolutionNode = FALSE
	EndGlobalSection
	GlobalSection(ExtensibilityGlobals) = postSolution
		SolutionGuid = {A8E696CE-2535-4DAF-A72F-712D4C294453}
	EndGlobalSection
EndGlobal
